// !$*UTF8*$!
{
	archiveVersion = 1;
	classes = {
	};
	objectVersion = 53;
	objects = {

/* Begin PBXBuildFile section */
		63115F6524804BBA0002930C /* Validated.swift in Sources */ = {isa = PBXBuildFile; fileRef = 6339F0DA23F265CB00F89F4E /* Validated.swift */; };
		63115F6624804D490002930C /* Base32.swift in Sources */ = {isa = PBXBuildFile; fileRef = 635CEA45245EA290009C6E28 /* Base32.swift */; };
		6312B8B423483D50009AA7F4 /* Models.swift in Sources */ = {isa = PBXBuildFile; fileRef = 6312B8B323483D50009AA7F4 /* Models.swift */; };
		6337DBE024B9448800C851FE /* ReducerTests.swift in Sources */ = {isa = PBXBuildFile; fileRef = 6337DBDF24B9448800C851FE /* ReducerTests.swift */; };
		6337DBE124BD0B9400C851FE /* App.swift in Sources */ = {isa = PBXBuildFile; fileRef = 636DE2B324ADC7110015D574 /* App.swift */; };
		6337DBE224BD0C1F00C851FE /* EditToken.swift in Sources */ = {isa = PBXBuildFile; fileRef = 63E5E58B24AE80480008BA4E /* EditToken.swift */; };
		6337DBE324BD0C2400C851FE /* Passcode.swift in Sources */ = {isa = PBXBuildFile; fileRef = 636DE2B124ADB8F10015D574 /* Passcode.swift */; };
		6337DBE424BD0C2600C851FE /* PasscodeList.swift in Sources */ = {isa = PBXBuildFile; fileRef = 636DE2AF24ADB5B30015D574 /* PasscodeList.swift */; };
		6337DBE524BD0C2900C851FE /* QRScan.swift in Sources */ = {isa = PBXBuildFile; fileRef = 63E5E5A324AED5960008BA4E /* QRScan.swift */; };
		6337DBE624BD0C4E00C851FE /* AddTokenForm.swift in Sources */ = {isa = PBXBuildFile; fileRef = 63E5E5A524AF00A90008BA4E /* AddTokenForm.swift */; };
		6339A56124BD70620051BFA8 /* ComposableArchitecture in Frameworks */ = {isa = PBXBuildFile; productRef = 6339A56024BD70620051BFA8 /* ComposableArchitecture */; };
		6339F0DB23F265CB00F89F4E /* Validated.swift in Sources */ = {isa = PBXBuildFile; fileRef = 6339F0DA23F265CB00F89F4E /* Validated.swift */; };
		635B8FBA23481EE0001B5CBE /* AppDelegate.swift in Sources */ = {isa = PBXBuildFile; fileRef = 635B8FB923481EE0001B5CBE /* AppDelegate.swift */; };
		635B8FBE23481EE3001B5CBE /* Assets.xcassets in Resources */ = {isa = PBXBuildFile; fileRef = 635B8FBD23481EE3001B5CBE /* Assets.xcassets */; };
		635B8FC423481EE3001B5CBE /* Main.storyboard in Resources */ = {isa = PBXBuildFile; fileRef = 635B8FC223481EE3001B5CBE /* Main.storyboard */; };
		635CEA46245EA291009C6E28 /* Base32.swift in Sources */ = {isa = PBXBuildFile; fileRef = 635CEA45245EA290009C6E28 /* Base32.swift */; };
		635CEA5D2463EF3D009C6E28 /* ModelTests.swift in Sources */ = {isa = PBXBuildFile; fileRef = 635CEA5C2463EF3D009C6E28 /* ModelTests.swift */; };
		635CEA622463EF70009C6E28 /* Models.swift in Sources */ = {isa = PBXBuildFile; fileRef = 6312B8B323483D50009AA7F4 /* Models.swift */; };
		636DE2AE24ADAF610015D574 /* ComposableArchitecture in Frameworks */ = {isa = PBXBuildFile; productRef = 636DE2AD24ADAF610015D574 /* ComposableArchitecture */; };
		636DE2B024ADB5B30015D574 /* PasscodeList.swift in Sources */ = {isa = PBXBuildFile; fileRef = 636DE2AF24ADB5B30015D574 /* PasscodeList.swift */; };
		636DE2B224ADB8F10015D574 /* Passcode.swift in Sources */ = {isa = PBXBuildFile; fileRef = 636DE2B124ADB8F10015D574 /* Passcode.swift */; };
		636DE2B424ADC7110015D574 /* App.swift in Sources */ = {isa = PBXBuildFile; fileRef = 636DE2B324ADC7110015D574 /* App.swift */; };
		63A69D772455458A002C4A79 /* Keychain.swift in Sources */ = {isa = PBXBuildFile; fileRef = 63A69D762455458A002C4A79 /* Keychain.swift */; };
		63E5E58C24AE80480008BA4E /* EditToken.swift in Sources */ = {isa = PBXBuildFile; fileRef = 63E5E58B24AE80480008BA4E /* EditToken.swift */; };
		63E5E5A424AED5960008BA4E /* QRScan.swift in Sources */ = {isa = PBXBuildFile; fileRef = 63E5E5A324AED5960008BA4E /* QRScan.swift */; };
		63E5E5A624AF00A90008BA4E /* AddTokenForm.swift in Sources */ = {isa = PBXBuildFile; fileRef = 63E5E5A524AF00A90008BA4E /* AddTokenForm.swift */; };
/* End PBXBuildFile section */

/* Begin PBXFileReference section */
		6312B8B323483D50009AA7F4 /* Models.swift */ = {isa = PBXFileReference; lastKnownFileType = sourcecode.swift; path = Models.swift; sourceTree = "<group>"; };
		6337DBDF24B9448800C851FE /* ReducerTests.swift */ = {isa = PBXFileReference; indentWidth = 2; lastKnownFileType = sourcecode.swift; path = ReducerTests.swift; sourceTree = "<group>"; tabWidth = 2; };
		6339F0DA23F265CB00F89F4E /* Validated.swift */ = {isa = PBXFileReference; lastKnownFileType = sourcecode.swift; path = Validated.swift; sourceTree = "<group>"; };
		635B8FB623481EE0001B5CBE /* Xauth.app */ = {isa = PBXFileReference; explicitFileType = wrapper.application; includeInIndex = 0; path = Xauth.app; sourceTree = BUILT_PRODUCTS_DIR; };
		635B8FB923481EE0001B5CBE /* AppDelegate.swift */ = {isa = PBXFileReference; lastKnownFileType = sourcecode.swift; path = AppDelegate.swift; sourceTree = "<group>"; };
		635B8FBD23481EE3001B5CBE /* Assets.xcassets */ = {isa = PBXFileReference; lastKnownFileType = folder.assetcatalog; path = Assets.xcassets; sourceTree = "<group>"; };
		635B8FC323481EE3001B5CBE /* Base */ = {isa = PBXFileReference; lastKnownFileType = file.storyboard; name = Base; path = Base.lproj/Main.storyboard; sourceTree = "<group>"; };
		635B8FC523481EE3001B5CBE /* Info.plist */ = {isa = PBXFileReference; lastKnownFileType = text.plist.xml; path = Info.plist; sourceTree = "<group>"; };
		635B8FC623481EE3001B5CBE /* Xauth.entitlements */ = {isa = PBXFileReference; lastKnownFileType = text.plist.entitlements; path = Xauth.entitlements; sourceTree = "<group>"; };
		635CEA45245EA290009C6E28 /* Base32.swift */ = {isa = PBXFileReference; lastKnownFileType = sourcecode.swift; path = Base32.swift; sourceTree = "<group>"; };
		635CEA5A2463EF3D009C6E28 /* XauthTests.xctest */ = {isa = PBXFileReference; explicitFileType = wrapper.cfbundle; includeInIndex = 0; path = XauthTests.xctest; sourceTree = BUILT_PRODUCTS_DIR; };
		635CEA5C2463EF3D009C6E28 /* ModelTests.swift */ = {isa = PBXFileReference; indentWidth = 2; lastKnownFileType = sourcecode.swift; path = ModelTests.swift; sourceTree = "<group>"; tabWidth = 2; };
		635CEA5E2463EF3D009C6E28 /* Info.plist */ = {isa = PBXFileReference; lastKnownFileType = text.plist.xml; path = Info.plist; sourceTree = "<group>"; };
		636DE2AF24ADB5B30015D574 /* PasscodeList.swift */ = {isa = PBXFileReference; lastKnownFileType = sourcecode.swift; path = PasscodeList.swift; sourceTree = "<group>"; };
		636DE2B124ADB8F10015D574 /* Passcode.swift */ = {isa = PBXFileReference; lastKnownFileType = sourcecode.swift; path = Passcode.swift; sourceTree = "<group>"; };
		636DE2B324ADC7110015D574 /* App.swift */ = {isa = PBXFileReference; lastKnownFileType = sourcecode.swift; path = App.swift; sourceTree = "<group>"; };
		63A69D762455458A002C4A79 /* Keychain.swift */ = {isa = PBXFileReference; lastKnownFileType = sourcecode.swift; path = Keychain.swift; sourceTree = "<group>"; };
		63E5E58B24AE80480008BA4E /* EditToken.swift */ = {isa = PBXFileReference; lastKnownFileType = sourcecode.swift; path = EditToken.swift; sourceTree = "<group>"; };
		63E5E5A324AED5960008BA4E /* QRScan.swift */ = {isa = PBXFileReference; lastKnownFileType = sourcecode.swift; path = QRScan.swift; sourceTree = "<group>"; };
		63E5E5A524AF00A90008BA4E /* AddTokenForm.swift */ = {isa = PBXFileReference; lastKnownFileType = sourcecode.swift; path = AddTokenForm.swift; sourceTree = "<group>"; };
/* End PBXFileReference section */

/* Begin PBXFrameworksBuildPhase section */
		635B8FB323481EE0001B5CBE /* Frameworks */ = {
			isa = PBXFrameworksBuildPhase;
			buildActionMask = 2147483647;
			files = (
				636DE2AE24ADAF610015D574 /* ComposableArchitecture in Frameworks */,
			);
			runOnlyForDeploymentPostprocessing = 0;
		};
		635CEA572463EF3D009C6E28 /* Frameworks */ = {
			isa = PBXFrameworksBuildPhase;
			buildActionMask = 2147483647;
			files = (
				6339A56124BD70620051BFA8 /* ComposableArchitecture in Frameworks */,
			);
			runOnlyForDeploymentPostprocessing = 0;
		};
/* End PBXFrameworksBuildPhase section */

/* Begin PBXGroup section */
		635B8FAD23481EE0001B5CBE = {
			isa = PBXGroup;
			children = (
				635B8FB823481EE0001B5CBE /* Xauth */,
				635CEA5B2463EF3D009C6E28 /* XauthTests */,
				635B8FB723481EE0001B5CBE /* Products */,
			);
			sourceTree = "<group>";
		};
		635B8FB723481EE0001B5CBE /* Products */ = {
			isa = PBXGroup;
			children = (
				635B8FB623481EE0001B5CBE /* Xauth.app */,
				635CEA5A2463EF3D009C6E28 /* XauthTests.xctest */,
			);
			name = Products;
			sourceTree = "<group>";
		};
		635B8FB823481EE0001B5CBE /* Xauth */ = {
			isa = PBXGroup;
			children = (
				63A69D79245545D1002C4A79 /* Sources */,
				63A69D782455459A002C4A79 /* Supporting Files */,
			);
			path = Xauth;
			sourceTree = "<group>";
		};
		635CEA5B2463EF3D009C6E28 /* XauthTests */ = {
			isa = PBXGroup;
			children = (
				635CEA5E2463EF3D009C6E28 /* Info.plist */,
				635CEA5C2463EF3D009C6E28 /* ModelTests.swift */,
				6337DBDF24B9448800C851FE /* ReducerTests.swift */,
			);
			path = XauthTests;
			sourceTree = "<group>";
		};
		63A69D782455459A002C4A79 /* Supporting Files */ = {
			isa = PBXGroup;
			children = (
				635B8FC623481EE3001B5CBE /* Xauth.entitlements */,
				635B8FC523481EE3001B5CBE /* Info.plist */,
				635B8FBD23481EE3001B5CBE /* Assets.xcassets */,
				635B8FC223481EE3001B5CBE /* Main.storyboard */,
			);
			path = "Supporting Files";
			sourceTree = "<group>";
		};
		63A69D79245545D1002C4A79 /* Sources */ = {
			isa = PBXGroup;
			children = (
				63E5E5A524AF00A90008BA4E /* AddTokenForm.swift */,
				636DE2B324ADC7110015D574 /* App.swift */,
				635B8FB923481EE0001B5CBE /* AppDelegate.swift */,
				635CEA45245EA290009C6E28 /* Base32.swift */,
				63E5E58B24AE80480008BA4E /* EditToken.swift */,
				63A69D762455458A002C4A79 /* Keychain.swift */,
				6312B8B323483D50009AA7F4 /* Models.swift */,
				636DE2B124ADB8F10015D574 /* Passcode.swift */,
				636DE2AF24ADB5B30015D574 /* PasscodeList.swift */,
				63E5E5A324AED5960008BA4E /* QRScan.swift */,
				6339F0DA23F265CB00F89F4E /* Validated.swift */,
			);
			indentWidth = 2;
			path = Sources;
			sourceTree = "<group>";
			tabWidth = 2;
		};
/* End PBXGroup section */

/* Begin PBXNativeTarget section */
		635B8FB523481EE0001B5CBE /* Xauth */ = {
			isa = PBXNativeTarget;
			buildConfigurationList = 635B8FC923481EE3001B5CBE /* Build configuration list for PBXNativeTarget "Xauth" */;
			buildPhases = (
				635B8FB223481EE0001B5CBE /* Sources */,
				635B8FB323481EE0001B5CBE /* Frameworks */,
				635B8FB423481EE0001B5CBE /* Resources */,
			);
			buildRules = (
			);
			dependencies = (
			);
			name = Xauth;
			packageProductDependencies = (
				636DE2AD24ADAF610015D574 /* ComposableArchitecture */,
			);
			productName = Xauth;
			productReference = 635B8FB623481EE0001B5CBE /* Xauth.app */;
			productType = "com.apple.product-type.application";
		};
		635CEA592463EF3D009C6E28 /* XauthTests */ = {
			isa = PBXNativeTarget;
			buildConfigurationList = 635CEA5F2463EF3D009C6E28 /* Build configuration list for PBXNativeTarget "XauthTests" */;
			buildPhases = (
				635CEA562463EF3D009C6E28 /* Sources */,
				635CEA572463EF3D009C6E28 /* Frameworks */,
				635CEA582463EF3D009C6E28 /* Resources */,
			);
			buildRules = (
			);
			dependencies = (
			);
			name = XauthTests;
			packageProductDependencies = (
				6339A56024BD70620051BFA8 /* ComposableArchitecture */,
			);
			productName = XauthTests;
			productReference = 635CEA5A2463EF3D009C6E28 /* XauthTests.xctest */;
			productType = "com.apple.product-type.bundle.unit-test";
		};
/* End PBXNativeTarget section */

/* Begin PBXProject section */
		635B8FAE23481EE0001B5CBE /* Project object */ = {
			isa = PBXProject;
			attributes = {
				LastSwiftUpdateCheck = 1140;
				LastUpgradeCheck = 1200;
				ORGANIZATIONNAME = "David Wu";
				TargetAttributes = {
					635B8FB523481EE0001B5CBE = {
						CreatedOnToolsVersion = 11.0;
					};
					635CEA592463EF3D009C6E28 = {
						CreatedOnToolsVersion = 11.4.1;
					};
				};
			};
			buildConfigurationList = 635B8FB123481EE0001B5CBE /* Build configuration list for PBXProject "Xauth" */;
			compatibilityVersion = "Xcode 11.4";
			developmentRegion = en;
			hasScannedForEncodings = 0;
			knownRegions = (
				en,
				Base,
			);
			mainGroup = 635B8FAD23481EE0001B5CBE;
			packageReferences = (
				636DE2AC24ADAF610015D574 /* XCRemoteSwiftPackageReference "swift-composable-architecture" */,
			);
			productRefGroup = 635B8FB723481EE0001B5CBE /* Products */;
			projectDirPath = "";
			projectRoot = "";
			targets = (
				635B8FB523481EE0001B5CBE /* Xauth */,
				635CEA592463EF3D009C6E28 /* XauthTests */,
			);
		};
/* End PBXProject section */

/* Begin PBXResourcesBuildPhase section */
		635B8FB423481EE0001B5CBE /* Resources */ = {
			isa = PBXResourcesBuildPhase;
			buildActionMask = 2147483647;
			files = (
				635B8FC423481EE3001B5CBE /* Main.storyboard in Resources */,
				635B8FBE23481EE3001B5CBE /* Assets.xcassets in Resources */,
			);
			runOnlyForDeploymentPostprocessing = 0;
		};
		635CEA582463EF3D009C6E28 /* Resources */ = {
			isa = PBXResourcesBuildPhase;
			buildActionMask = 2147483647;
			files = (
			);
			runOnlyForDeploymentPostprocessing = 0;
		};
/* End PBXResourcesBuildPhase section */

/* Begin PBXSourcesBuildPhase section */
		635B8FB223481EE0001B5CBE /* Sources */ = {
			isa = PBXSourcesBuildPhase;
			buildActionMask = 2147483647;
			files = (
				63E5E5A624AF00A90008BA4E /* AddTokenForm.swift in Sources */,
				636DE2B424ADC7110015D574 /* App.swift in Sources */,
				635B8FBA23481EE0001B5CBE /* AppDelegate.swift in Sources */,
				635CEA46245EA291009C6E28 /* Base32.swift in Sources */,
				63E5E58C24AE80480008BA4E /* EditToken.swift in Sources */,
				63A69D772455458A002C4A79 /* Keychain.swift in Sources */,
				6312B8B423483D50009AA7F4 /* Models.swift in Sources */,
				636DE2B224ADB8F10015D574 /* Passcode.swift in Sources */,
				636DE2B024ADB5B30015D574 /* PasscodeList.swift in Sources */,
				63E5E5A424AED5960008BA4E /* QRScan.swift in Sources */,
				6339F0DB23F265CB00F89F4E /* Validated.swift in Sources */,
			);
			runOnlyForDeploymentPostprocessing = 0;
		};
		635CEA562463EF3D009C6E28 /* Sources */ = {
			isa = PBXSourcesBuildPhase;
			buildActionMask = 2147483647;
			files = (
				6337DBE624BD0C4E00C851FE /* AddTokenForm.swift in Sources */,
				6337DBE124BD0B9400C851FE /* App.swift in Sources */,
				63115F6624804D490002930C /* Base32.swift in Sources */,
				6337DBE224BD0C1F00C851FE /* EditToken.swift in Sources */,
				635CEA622463EF70009C6E28 /* Models.swift in Sources */,
				6337DBE324BD0C2400C851FE /* Passcode.swift in Sources */,
				6337DBE424BD0C2600C851FE /* PasscodeList.swift in Sources */,
				6337DBE524BD0C2900C851FE /* QRScan.swift in Sources */,
				63115F6524804BBA0002930C /* Validated.swift in Sources */,
				635CEA5D2463EF3D009C6E28 /* ModelTests.swift in Sources */,
				6337DBE024B9448800C851FE /* ReducerTests.swift in Sources */,
			);
			runOnlyForDeploymentPostprocessing = 0;
		};
/* End PBXSourcesBuildPhase section */

/* Begin PBXVariantGroup section */
		635B8FC223481EE3001B5CBE /* Main.storyboard */ = {
			isa = PBXVariantGroup;
			children = (
				635B8FC323481EE3001B5CBE /* Base */,
			);
			name = Main.storyboard;
			sourceTree = "<group>";
		};
/* End PBXVariantGroup section */

/* Begin XCBuildConfiguration section */
		635B8FC723481EE3001B5CBE /* Debug */ = {
			isa = XCBuildConfiguration;
			buildSettings = {
				ALWAYS_SEARCH_USER_PATHS = NO;
				CLANG_ANALYZER_NONNULL = YES;
				CLANG_ANALYZER_NUMBER_OBJECT_CONVERSION = YES_AGGRESSIVE;
				CLANG_CXX_LANGUAGE_STANDARD = "gnu++14";
				CLANG_CXX_LIBRARY = "libc++";
				CLANG_ENABLE_MODULES = YES;
				CLANG_ENABLE_OBJC_ARC = YES;
				CLANG_ENABLE_OBJC_WEAK = YES;
				CLANG_WARN_BLOCK_CAPTURE_AUTORELEASING = YES;
				CLANG_WARN_BOOL_CONVERSION = YES;
				CLANG_WARN_COMMA = YES;
				CLANG_WARN_CONSTANT_CONVERSION = YES;
				CLANG_WARN_DEPRECATED_OBJC_IMPLEMENTATIONS = YES;
				CLANG_WARN_DIRECT_OBJC_ISA_USAGE = YES_ERROR;
				CLANG_WARN_DOCUMENTATION_COMMENTS = YES;
				CLANG_WARN_EMPTY_BODY = YES;
				CLANG_WARN_ENUM_CONVERSION = YES;
				CLANG_WARN_INFINITE_RECURSION = YES;
				CLANG_WARN_INT_CONVERSION = YES;
				CLANG_WARN_NON_LITERAL_NULL_CONVERSION = YES;
				CLANG_WARN_OBJC_IMPLICIT_RETAIN_SELF = YES;
				CLANG_WARN_OBJC_LITERAL_CONVERSION = YES;
				CLANG_WARN_OBJC_ROOT_CLASS = YES_ERROR;
				CLANG_WARN_QUOTED_INCLUDE_IN_FRAMEWORK_HEADER = YES;
				CLANG_WARN_RANGE_LOOP_ANALYSIS = YES;
				CLANG_WARN_STRICT_PROTOTYPES = YES;
				CLANG_WARN_SUSPICIOUS_MOVE = YES;
				CLANG_WARN_UNGUARDED_AVAILABILITY = YES_AGGRESSIVE;
				CLANG_WARN_UNREACHABLE_CODE = YES;
				CLANG_WARN__DUPLICATE_METHOD_MATCH = YES;
				COPY_PHASE_STRIP = NO;
				DEBUG_INFORMATION_FORMAT = dwarf;
				ENABLE_STRICT_OBJC_MSGSEND = YES;
				ENABLE_TESTABILITY = YES;
				GCC_C_LANGUAGE_STANDARD = gnu11;
				GCC_DYNAMIC_NO_PIC = NO;
				GCC_NO_COMMON_BLOCKS = YES;
				GCC_OPTIMIZATION_LEVEL = 0;
				GCC_PREPROCESSOR_DEFINITIONS = (
					"DEBUG=1",
					"$(inherited)",
				);
				GCC_WARN_64_TO_32_BIT_CONVERSION = YES;
				GCC_WARN_ABOUT_RETURN_TYPE = YES_ERROR;
				GCC_WARN_UNDECLARED_SELECTOR = YES;
				GCC_WARN_UNINITIALIZED_AUTOS = YES_AGGRESSIVE;
				GCC_WARN_UNUSED_FUNCTION = YES;
				GCC_WARN_UNUSED_VARIABLE = YES;
				MACOSX_DEPLOYMENT_TARGET = 12.0;
				MTL_ENABLE_DEBUG_INFO = INCLUDE_SOURCE;
				MTL_FAST_MATH = YES;
				ONLY_ACTIVE_ARCH = YES;
				SDKROOT = macosx;
				SWIFT_ACTIVE_COMPILATION_CONDITIONS = DEBUG;
				SWIFT_OPTIMIZATION_LEVEL = "-Onone";
				SWIFT_VERSION = 5.0;
			};
			name = Debug;
		};
		635B8FC823481EE3001B5CBE /* Release */ = {
			isa = XCBuildConfiguration;
			buildSettings = {
				ALWAYS_SEARCH_USER_PATHS = NO;
				CLANG_ANALYZER_NONNULL = YES;
				CLANG_ANALYZER_NUMBER_OBJECT_CONVERSION = YES_AGGRESSIVE;
				CLANG_CXX_LANGUAGE_STANDARD = "gnu++14";
				CLANG_CXX_LIBRARY = "libc++";
				CLANG_ENABLE_MODULES = YES;
				CLANG_ENABLE_OBJC_ARC = YES;
				CLANG_ENABLE_OBJC_WEAK = YES;
				CLANG_WARN_BLOCK_CAPTURE_AUTORELEASING = YES;
				CLANG_WARN_BOOL_CONVERSION = YES;
				CLANG_WARN_COMMA = YES;
				CLANG_WARN_CONSTANT_CONVERSION = YES;
				CLANG_WARN_DEPRECATED_OBJC_IMPLEMENTATIONS = YES;
				CLANG_WARN_DIRECT_OBJC_ISA_USAGE = YES_ERROR;
				CLANG_WARN_DOCUMENTATION_COMMENTS = YES;
				CLANG_WARN_EMPTY_BODY = YES;
				CLANG_WARN_ENUM_CONVERSION = YES;
				CLANG_WARN_INFINITE_RECURSION = YES;
				CLANG_WARN_INT_CONVERSION = YES;
				CLANG_WARN_NON_LITERAL_NULL_CONVERSION = YES;
				CLANG_WARN_OBJC_IMPLICIT_RETAIN_SELF = YES;
				CLANG_WARN_OBJC_LITERAL_CONVERSION = YES;
				CLANG_WARN_OBJC_ROOT_CLASS = YES_ERROR;
				CLANG_WARN_QUOTED_INCLUDE_IN_FRAMEWORK_HEADER = YES;
				CLANG_WARN_RANGE_LOOP_ANALYSIS = YES;
				CLANG_WARN_STRICT_PROTOTYPES = YES;
				CLANG_WARN_SUSPICIOUS_MOVE = YES;
				CLANG_WARN_UNGUARDED_AVAILABILITY = YES_AGGRESSIVE;
				CLANG_WARN_UNREACHABLE_CODE = YES;
				CLANG_WARN__DUPLICATE_METHOD_MATCH = YES;
				COPY_PHASE_STRIP = NO;
				DEBUG_INFORMATION_FORMAT = "dwarf-with-dsym";
				ENABLE_NS_ASSERTIONS = NO;
				ENABLE_STRICT_OBJC_MSGSEND = YES;
				GCC_C_LANGUAGE_STANDARD = gnu11;
				GCC_NO_COMMON_BLOCKS = YES;
				GCC_WARN_64_TO_32_BIT_CONVERSION = YES;
				GCC_WARN_ABOUT_RETURN_TYPE = YES_ERROR;
				GCC_WARN_UNDECLARED_SELECTOR = YES;
				GCC_WARN_UNINITIALIZED_AUTOS = YES_AGGRESSIVE;
				GCC_WARN_UNUSED_FUNCTION = YES;
				GCC_WARN_UNUSED_VARIABLE = YES;
				MACOSX_DEPLOYMENT_TARGET = 12.0;
				MTL_ENABLE_DEBUG_INFO = NO;
				MTL_FAST_MATH = YES;
				SDKROOT = macosx;
				SWIFT_COMPILATION_MODE = wholemodule;
				SWIFT_OPTIMIZATION_LEVEL = "-O";
				SWIFT_VERSION = 5.0;
			};
			name = Release;
		};
		635B8FCA23481EE3001B5CBE /* Debug */ = {
			isa = XCBuildConfiguration;
			buildSettings = {
				ASSETCATALOG_COMPILER_APPICON_NAME = AppIcon;
				CODE_SIGN_ENTITLEMENTS = "Xauth/Supporting Files/Xauth.entitlements";
				CODE_SIGN_IDENTITY = "Apple Development";
				CODE_SIGN_STYLE = Automatic;
				COMBINE_HIDPI_IMAGES = YES;
				DEVELOPMENT_TEAM = W6KLMFETUQ;
				ENABLE_HARDENED_RUNTIME = YES;
				ENABLE_PREVIEWS = YES;
				INFOPLIST_FILE = "Xauth/Supporting Files/Info.plist";
				LD_RUNPATH_SEARCH_PATHS = (
					"$(inherited)",
					"@executable_path/../Frameworks",
				);
				PRODUCT_BUNDLE_IDENTIFIER = net.gofake1.Xauth;
				PRODUCT_NAME = "$(TARGET_NAME)";
			};
			name = Debug;
		};
		635B8FCB23481EE3001B5CBE /* Release */ = {
			isa = XCBuildConfiguration;
			buildSettings = {
				ASSETCATALOG_COMPILER_APPICON_NAME = AppIcon;
				CODE_SIGN_ENTITLEMENTS = "Xauth/Supporting Files/Xauth.entitlements";
				CODE_SIGN_IDENTITY = "Apple Development";
				CODE_SIGN_STYLE = Automatic;
				COMBINE_HIDPI_IMAGES = YES;
				DEVELOPMENT_TEAM = W6KLMFETUQ;
				ENABLE_HARDENED_RUNTIME = YES;
				ENABLE_PREVIEWS = YES;
				INFOPLIST_FILE = "Xauth/Supporting Files/Info.plist";
				LD_RUNPATH_SEARCH_PATHS = (
					"$(inherited)",
					"@executable_path/../Frameworks",
				);
				PRODUCT_BUNDLE_IDENTIFIER = net.gofake1.Xauth;
				PRODUCT_NAME = "$(TARGET_NAME)";
			};
			name = Release;
		};
		635CEA602463EF3D009C6E28 /* Debug */ = {
			isa = XCBuildConfiguration;
			buildSettings = {
				CODE_SIGN_STYLE = Automatic;
				COMBINE_HIDPI_IMAGES = YES;
				DEVELOPMENT_TEAM = W6KLMFETUQ;
				INFOPLIST_FILE = XauthTests/Info.plist;
				LD_RUNPATH_SEARCH_PATHS = (
					"$(inherited)",
					"@executable_path/../Frameworks",
					"@loader_path/../Frameworks",
				);
				PRODUCT_BUNDLE_IDENTIFIER = net.gofake1.XauthTests;
				PRODUCT_NAME = "$(TARGET_NAME)";
			};
			name = Debug;
		};
		635CEA612463EF3D009C6E28 /* Release */ = {
			isa = XCBuildConfiguration;
			buildSettings = {
				CODE_SIGN_STYLE = Automatic;
				COMBINE_HIDPI_IMAGES = YES;
				DEVELOPMENT_TEAM = W6KLMFETUQ;
				INFOPLIST_FILE = XauthTests/Info.plist;
				LD_RUNPATH_SEARCH_PATHS = (
					"$(inherited)",
					"@executable_path/../Frameworks",
					"@loader_path/../Frameworks",
				);
				PRODUCT_BUNDLE_IDENTIFIER = net.gofake1.XauthTests;
				PRODUCT_NAME = "$(TARGET_NAME)";
			};
			name = Release;
		};
/* End XCBuildConfiguration section */

/* Begin XCConfigurationList section */
		635B8FB123481EE0001B5CBE /* Build configuration list for PBXProject "Xauth" */ = {
			isa = XCConfigurationList;
			buildConfigurations = (
				635B8FC723481EE3001B5CBE /* Debug */,
				635B8FC823481EE3001B5CBE /* Release */,
			);
			defaultConfigurationIsVisible = 0;
			defaultConfigurationName = Release;
		};
		635B8FC923481EE3001B5CBE /* Build configuration list for PBXNativeTarget "Xauth" */ = {
			isa = XCConfigurationList;
			buildConfigurations = (
				635B8FCA23481EE3001B5CBE /* Debug */,
				635B8FCB23481EE3001B5CBE /* Release */,
			);
			defaultConfigurationIsVisible = 0;
			defaultConfigurationName = Release;
		};
		635CEA5F2463EF3D009C6E28 /* Build configuration list for PBXNativeTarget "XauthTests" */ = {
			isa = XCConfigurationList;
			buildConfigurations = (
				635CEA602463EF3D009C6E28 /* Debug */,
				635CEA612463EF3D009C6E28 /* Release */,
			);
			defaultConfigurationIsVisible = 0;
			defaultConfigurationName = Release;
		};
/* End XCConfigurationList section */

/* Begin XCRemoteSwiftPackageReference section */
		636DE2AC24ADAF610015D574 /* XCRemoteSwiftPackageReference "swift-composable-architecture" */ = {
			isa = XCRemoteSwiftPackageReference;
			repositoryURL = "https://github.com/pointfreeco/swift-composable-architecture";
			requirement = {
				kind = exactVersion;
				version = 0.34.0;
			};
		};
/* End XCRemoteSwiftPackageReference section */

/* Begin XCSwiftPackageProductDependency section */
		6339A56024BD70620051BFA8 /* ComposableArchitecture */ = {
			isa = XCSwiftPackageProductDependency;
			package = 636DE2AC24ADAF610015D574 /* XCRemoteSwiftPackageReference "swift-composable-architecture" */;
			productName = ComposableArchitecture;
		};
		636DE2AD24ADAF610015D574 /* ComposableArchitecture */ = {
			isa = XCSwiftPackageProductDependency;
			package = 636DE2AC24ADAF610015D574 /* XCRemoteSwiftPackageReference "swift-composable-architecture" */;
			productName = ComposableArchitecture;
		};
/* End XCSwiftPackageProductDependency section */
	};
	rootObject = 635B8FAE23481EE0001B5CBE /* Project object */;
}
